// !$*UTF8*$!
{
	archiveVersion = 1;
	classes = {
	};
	objectVersion = 48;
	objects = {

/* Begin PBXBuildFile section */
		A0FDD3B8200843BA001CA211 /* AppDelegate.swift in Sources */ = {isa = PBXBuildFile; fileRef = A0FDD3B7200843BA001CA211 /* AppDelegate.swift */; };
		A0FDD3BA200843BA001CA211 /* ViewController.swift in Sources */ = {isa = PBXBuildFile; fileRef = A0FDD3B9200843BA001CA211 /* ViewController.swift */; };
		A0FDD3BD200843BA001CA211 /* Main.storyboard in Resources */ = {isa = PBXBuildFile; fileRef = A0FDD3BB200843BA001CA211 /* Main.storyboard */; };
		A0FDD3BF200843BA001CA211 /* Assets.xcassets in Resources */ = {isa = PBXBuildFile; fileRef = A0FDD3BE200843BA001CA211 /* Assets.xcassets */; };
		A0FDD3C2200843BA001CA211 /* LaunchScreen.storyboard in Resources */ = {isa = PBXBuildFile; fileRef = A0FDD3C0200843BA001CA211 /* LaunchScreen.storyboard */; };
		A0FDD3CD200843BA001CA211 /* game_prototype_2Tests.swift in Sources */ = {isa = PBXBuildFile; fileRef = A0FDD3CC200843BA001CA211 /* game_prototype_2Tests.swift */; };
		A0FDD3D8200843BA001CA211 /* game_prototype_2UITests.swift in Sources */ = {isa = PBXBuildFile; fileRef = A0FDD3D7200843BA001CA211 /* game_prototype_2UITests.swift */; };
		A0FDD3E720084400001CA211 /* GameCell.swift in Sources */ = {isa = PBXBuildFile; fileRef = A0FDD3E520084400001CA211 /* GameCell.swift */; };
		A0FDD3E820084400001CA211 /* GameCell.xib in Resources */ = {isa = PBXBuildFile; fileRef = A0FDD3E620084400001CA211 /* GameCell.xib */; };
		A0FDD3EA200844C9001CA211 /* MyScene.sks in Resources */ = {isa = PBXBuildFile; fileRef = A0FDD3E9200844C9001CA211 /* MyScene.sks */; };
		A0FDD3EC200844D8001CA211 /* MyScene.swift in Sources */ = {isa = PBXBuildFile; fileRef = A0FDD3EB200844D8001CA211 /* MyScene.swift */; };
/* End PBXBuildFile section */

/* Begin PBXContainerItemProxy section */
		A0FDD3C9200843BA001CA211 /* PBXContainerItemProxy */ = {
			isa = PBXContainerItemProxy;
			containerPortal = A0FDD3AC200843BA001CA211 /* Project object */;
			proxyType = 1;
			remoteGlobalIDString = A0FDD3B3200843BA001CA211;
			remoteInfo = game_prototype_2;
		};
		A0FDD3D4200843BA001CA211 /* PBXContainerItemProxy */ = {
			isa = PBXContainerItemProxy;
			containerPortal = A0FDD3AC200843BA001CA211 /* Project object */;
			proxyType = 1;
			remoteGlobalIDString = A0FDD3B3200843BA001CA211;
			remoteInfo = game_prototype_2;
		};
/* End PBXContainerItemProxy section */

/* Begin PBXFileReference section */
		A0FDD3B4200843BA001CA211 /* game_prototype_2.app */ = {isa = PBXFileReference; explicitFileType = wrapper.application; includeInIndex = 0; path = game_prototype_2.app; sourceTree = BUILT_PRODUCTS_DIR; };
		A0FDD3B7200843BA001CA211 /* AppDelegate.swift */ = {isa = PBXFileReference; lastKnownFileType = sourcecode.swift; path = AppDelegate.swift; sourceTree = "<group>"; };
		A0FDD3B9200843BA001CA211 /* ViewController.swift */ = {isa = PBXFileReference; lastKnownFileType = sourcecode.swift; path = ViewController.swift; sourceTree = "<group>"; };
		A0FDD3BC200843BA001CA211 /* Base */ = {isa = PBXFileReference; lastKnownFileType = file.storyboard; name = Base; path = Base.lproj/Main.storyboard; sourceTree = "<group>"; };
		A0FDD3BE200843BA001CA211 /* Assets.xcassets */ = {isa = PBXFileReference; lastKnownFileType = folder.assetcatalog; path = Assets.xcassets; sourceTree = "<group>"; };
		A0FDD3C1200843BA001CA211 /* Base */ = {isa = PBXFileReference; lastKnownFileType = file.storyboard; name = Base; path = Base.lproj/LaunchScreen.storyboard; sourceTree = "<group>"; };
		A0FDD3C3200843BA001CA211 /* Info.plist */ = {isa = PBXFileReference; lastKnownFileType = text.plist.xml; path = Info.plist; sourceTree = "<group>"; };
		A0FDD3C8200843BA001CA211 /* game_prototype_2Tests.xctest */ = {isa = PBXFileReference; explicitFileType = wrapper.cfbundle; includeInIndex = 0; path = game_prototype_2Tests.xctest; sourceTree = BUILT_PRODUCTS_DIR; };
		A0FDD3CC200843BA001CA211 /* game_prototype_2Tests.swift */ = {isa = PBXFileReference; lastKnownFileType = sourcecode.swift; path = game_prototype_2Tests.swift; sourceTree = "<group>"; };
		A0FDD3CE200843BA001CA211 /* Info.plist */ = {isa = PBXFileReference; lastKnownFileType = text.plist.xml; path = Info.plist; sourceTree = "<group>"; };
		A0FDD3D3200843BA001CA211 /* game_prototype_2UITests.xctest */ = {isa = PBXFileReference; explicitFileType = wrapper.cfbundle; includeInIndex = 0; path = game_prototype_2UITests.xctest; sourceTree = BUILT_PRODUCTS_DIR; };
		A0FDD3D7200843BA001CA211 /* game_prototype_2UITests.swift */ = {isa = PBXFileReference; lastKnownFileType = sourcecode.swift; path = game_prototype_2UITests.swift; sourceTree = "<group>"; };
		A0FDD3D9200843BA001CA211 /* Info.plist */ = {isa = PBXFileReference; lastKnownFileType = text.plist.xml; path = Info.plist; sourceTree = "<group>"; };
		A0FDD3E520084400001CA211 /* GameCell.swift */ = {isa = PBXFileReference; lastKnownFileType = sourcecode.swift; path = GameCell.swift; sourceTree = "<group>"; };
		A0FDD3E620084400001CA211 /* GameCell.xib */ = {isa = PBXFileReference; lastKnownFileType = file.xib; path = GameCell.xib; sourceTree = "<group>"; };
		A0FDD3E9200844C9001CA211 /* MyScene.sks */ = {isa = PBXFileReference; lastKnownFileType = file.sks; path = MyScene.sks; sourceTree = "<group>"; };
		A0FDD3EB200844D8001CA211 /* MyScene.swift */ = {isa = PBXFileReference; lastKnownFileType = sourcecode.swift; path = MyScene.swift; sourceTree = "<group>"; };
/* End PBXFileReference section */

/* Begin PBXFrameworksBuildPhase section */
		A0FDD3B1200843BA001CA211 /* Frameworks */ = {
			isa = PBXFrameworksBuildPhase;
			buildActionMask = 2147483647;
			files = (
			);
			runOnlyForDeploymentPostprocessing = 0;
		};
		A0FDD3C5200843BA001CA211 /* Frameworks */ = {
			isa = PBXFrameworksBuildPhase;
			buildActionMask = 2147483647;
			files = (
			);
			runOnlyForDeploymentPostprocessing = 0;
		};
		A0FDD3D0200843BA001CA211 /* Frameworks */ = {
			isa = PBXFrameworksBuildPhase;
			buildActionMask = 2147483647;
			files = (
			);
			runOnlyForDeploymentPostprocessing = 0;
		};
/* End PBXFrameworksBuildPhase section */

/* Begin PBXGroup section */
		A0FDD3AB200843BA001CA211 = {
			isa = PBXGroup;
			children = (
				A0FDD3B6200843BA001CA211 /* game_prototype_2 */,
				A0FDD3CB200843BA001CA211 /* game_prototype_2Tests */,
				A0FDD3D6200843BA001CA211 /* game_prototype_2UITests */,
				A0FDD3B5200843BA001CA211 /* Products */,
			);
			sourceTree = "<group>";
		};
		A0FDD3B5200843BA001CA211 /* Products */ = {
			isa = PBXGroup;
			children = (
				A0FDD3B4200843BA001CA211 /* game_prototype_2.app */,
				A0FDD3C8200843BA001CA211 /* game_prototype_2Tests.xctest */,
				A0FDD3D3200843BA001CA211 /* game_prototype_2UITests.xctest */,
			);
			name = Products;
			sourceTree = "<group>";
		};
		A0FDD3B6200843BA001CA211 /* game_prototype_2 */ = {
			isa = PBXGroup;
			children = (
				A0FDD3B7200843BA001CA211 /* AppDelegate.swift */,
				A0FDD3B9200843BA001CA211 /* ViewController.swift */,
				A0FDD3BB200843BA001CA211 /* Main.storyboard */,
				A0FDD3E520084400001CA211 /* GameCell.swift */,
				A0FDD3E620084400001CA211 /* GameCell.xib */,
				A0FDD3E9200844C9001CA211 /* MyScene.sks */,
				A0FDD3EB200844D8001CA211 /* MyScene.swift */,
				A0FDD3BE200843BA001CA211 /* Assets.xcassets */,
				A0FDD3C0200843BA001CA211 /* LaunchScreen.storyboard */,
				A0FDD3C3200843BA001CA211 /* Info.plist */,
			);
			path = game_prototype_2;
			sourceTree = "<group>";
		};
		A0FDD3CB200843BA001CA211 /* game_prototype_2Tests */ = {
			isa = PBXGroup;
			children = (
				A0FDD3CC200843BA001CA211 /* game_prototype_2Tests.swift */,
				A0FDD3CE200843BA001CA211 /* Info.plist */,
			);
			path = game_prototype_2Tests;
			sourceTree = "<group>";
		};
		A0FDD3D6200843BA001CA211 /* game_prototype_2UITests */ = {
			isa = PBXGroup;
			children = (
				A0FDD3D7200843BA001CA211 /* game_prototype_2UITests.swift */,
				A0FDD3D9200843BA001CA211 /* Info.plist */,
			);
			path = game_prototype_2UITests;
			sourceTree = "<group>";
		};
/* End PBXGroup section */

/* Begin PBXNativeTarget section */
		A0FDD3B3200843BA001CA211 /* game_prototype_2 */ = {
			isa = PBXNativeTarget;
			buildConfigurationList = A0FDD3DC200843BA001CA211 /* Build configuration list for PBXNativeTarget "game_prototype_2" */;
			buildPhases = (
				A0FDD3B0200843BA001CA211 /* Sources */,
				A0FDD3B1200843BA001CA211 /* Frameworks */,
				A0FDD3B2200843BA001CA211 /* Resources */,
			);
			buildRules = (
			);
			dependencies = (
			);
			name = game_prototype_2;
			productName = game_prototype_2;
			productReference = A0FDD3B4200843BA001CA211 /* game_prototype_2.app */;
			productType = "com.apple.product-type.application";
		};
		A0FDD3C7200843BA001CA211 /* game_prototype_2Tests */ = {
			isa = PBXNativeTarget;
			buildConfigurationList = A0FDD3DF200843BA001CA211 /* Build configuration list for PBXNativeTarget "game_prototype_2Tests" */;
			buildPhases = (
				A0FDD3C4200843BA001CA211 /* Sources */,
				A0FDD3C5200843BA001CA211 /* Frameworks */,
				A0FDD3C6200843BA001CA211 /* Resources */,
			);
			buildRules = (
			);
			dependencies = (
				A0FDD3CA200843BA001CA211 /* PBXTargetDependency */,
			);
			name = game_prototype_2Tests;
			productName = game_prototype_2Tests;
			productReference = A0FDD3C8200843BA001CA211 /* game_prototype_2Tests.xctest */;
			productType = "com.apple.product-type.bundle.unit-test";
		};
		A0FDD3D2200843BA001CA211 /* game_prototype_2UITests */ = {
			isa = PBXNativeTarget;
			buildConfigurationList = A0FDD3E2200843BA001CA211 /* Build configuration list for PBXNativeTarget "game_prototype_2UITests" */;
			buildPhases = (
				A0FDD3CF200843BA001CA211 /* Sources */,
				A0FDD3D0200843BA001CA211 /* Frameworks */,
				A0FDD3D1200843BA001CA211 /* Resources */,
			);
			buildRules = (
			);
			dependencies = (
				A0FDD3D5200843BA001CA211 /* PBXTargetDependency */,
			);
			name = game_prototype_2UITests;
			productName = game_prototype_2UITests;
			productReference = A0FDD3D3200843BA001CA211 /* game_prototype_2UITests.xctest */;
			productType = "com.apple.product-type.bundle.ui-testing";
		};
/* End PBXNativeTarget section */

/* Begin PBXProject section */
		A0FDD3AC200843BA001CA211 /* Project object */ = {
			isa = PBXProject;
			attributes = {
				LastSwiftUpdateCheck = 0920;
				LastUpgradeCheck = 0920;
				ORGANIZATIONNAME = Tenny;
				TargetAttributes = {
					A0FDD3B3200843BA001CA211 = {
						CreatedOnToolsVersion = 9.2;
						ProvisioningStyle = Automatic;
					};
					A0FDD3C7200843BA001CA211 = {
						CreatedOnToolsVersion = 9.2;
						ProvisioningStyle = Automatic;
						TestTargetID = A0FDD3B3200843BA001CA211;
					};
					A0FDD3D2200843BA001CA211 = {
						CreatedOnToolsVersion = 9.2;
						ProvisioningStyle = Automatic;
						TestTargetID = A0FDD3B3200843BA001CA211;
					};
				};
			};
			buildConfigurationList = A0FDD3AF200843BA001CA211 /* Build configuration list for PBXProject "game_prototype_2" */;
			compatibilityVersion = "Xcode 8.0";
			developmentRegion = en;
			hasScannedForEncodings = 0;
			knownRegions = (
				en,
				Base,
			);
			mainGroup = A0FDD3AB200843BA001CA211;
			productRefGroup = A0FDD3B5200843BA001CA211 /* Products */;
			projectDirPath = "";
			projectRoot = "";
			targets = (
				A0FDD3B3200843BA001CA211 /* game_prototype_2 */,
				A0FDD3C7200843BA001CA211 /* game_prototype_2Tests */,
				A0FDD3D2200843BA001CA211 /* game_prototype_2UITests */,
			);
		};
/* End PBXProject section */

/* Begin PBXResourcesBuildPhase section */
		A0FDD3B2200843BA001CA211 /* Resources */ = {
			isa = PBXResourcesBuildPhase;
			buildActionMask = 2147483647;
			files = (
				A0FDD3C2200843BA001CA211 /* LaunchScreen.storyboard in Resources */,
				A0FDD3BF200843BA001CA211 /* Assets.xcassets in Resources */,
				A0FDD3EA200844C9001CA211 /* MyScene.sks in Resources */,
				A0FDD3E820084400001CA211 /* GameCell.xib in Resources */,
				A0FDD3BD200843BA001CA211 /* Main.storyboard in Resources */,
			);
			runOnlyForDeploymentPostprocessing = 0;
		};
		A0FDD3C6200843BA001CA211 /* Resources */ = {
			isa = PBXResourcesBuildPhase;
			buildActionMask = 2147483647;
			files = (
			);
			runOnlyForDeploymentPostprocessing = 0;
		};
		A0FDD3D1200843BA001CA211 /* Resources */ = {
			isa = PBXResourcesBuildPhase;
			buildActionMask = 2147483647;
			files = (
			);
			runOnlyForDeploymentPostprocessing = 0;
		};
/* End PBXResourcesBuildPhase section */

/* Begin PBXSourcesBuildPhase section */
		A0FDD3B0200843BA001CA211 /* Sources */ = {
			isa = PBXSourcesBuildPhase;
			buildActionMask = 2147483647;
			files = (
				A0FDD3EC200844D8001CA211 /* MyScene.swift in Sources */,
				A0FDD3BA200843BA001CA211 /* ViewController.swift in Sources */,
				A0FDD3B8200843BA001CA211 /* AppDelegate.swift in Sources */,
				A0FDD3E720084400001CA211 /* GameCell.swift in Sources */,
			);
			runOnlyForDeploymentPostprocessing = 0;
		};
		A0FDD3C4200843BA001CA211 /* Sources */ = {
			isa = PBXSourcesBuildPhase;
			buildActionMask = 2147483647;
			files = (
				A0FDD3CD200843BA001CA211 /* game_prototype_2Tests.swift in Sources */,
			);
			runOnlyForDeploymentPostprocessing = 0;
		};
		A0FDD3CF200843BA001CA211 /* Sources */ = {
			isa = PBXSourcesBuildPhase;
			buildActionMask = 2147483647;
			files = (
				A0FDD3D8200843BA001CA211 /* game_prototype_2UITests.swift in Sources */,
			);
			runOnlyForDeploymentPostprocessing = 0;
		};
/* End PBXSourcesBuildPhase section */

/* Begin PBXTargetDependency section */
		A0FDD3CA200843BA001CA211 /* PBXTargetDependency */ = {
			isa = PBXTargetDependency;
			target = A0FDD3B3200843BA001CA211 /* game_prototype_2 */;
			targetProxy = A0FDD3C9200843BA001CA211 /* PBXContainerItemProxy */;
		};
		A0FDD3D5200843BA001CA211 /* PBXTargetDependency */ = {
			isa = PBXTargetDependency;
			target = A0FDD3B3200843BA001CA211 /* game_prototype_2 */;
			targetProxy = A0FDD3D4200843BA001CA211 /* PBXContainerItemProxy */;
		};
/* End PBXTargetDependency section */

/* Begin PBXVariantGroup section */
		A0FDD3BB200843BA001CA211 /* Main.storyboard */ = {
			isa = PBXVariantGroup;
			children = (
				A0FDD3BC200843BA001CA211 /* Base */,
			);
			name = Main.storyboard;
			sourceTree = "<group>";
		};
		A0FDD3C0200843BA001CA211 /* LaunchScreen.storyboard */ = {
			isa = PBXVariantGroup;
			children = (
				A0FDD3C1200843BA001CA211 /* Base */,
			);
			name = LaunchScreen.storyboard;
			sourceTree = "<group>";
		};
/* End PBXVariantGroup section */

/* Begin XCBuildConfiguration section */
		A0FDD3DA200843BA001CA211 /* Debug */ = {
			isa = XCBuildConfiguration;
			buildSettings = {
				ALWAYS_SEARCH_USER_PATHS = NO;
				CLANG_ANALYZER_NONNULL = YES;
				CLANG_ANALYZER_NUMBER_OBJECT_CONVERSION = YES_AGGRESSIVE;
				CLANG_CXX_LANGUAGE_STANDARD = "gnu++14";
				CLANG_CXX_LIBRARY = "libc++";
				CLANG_ENABLE_MODULES = YES;
				CLANG_ENABLE_OBJC_ARC = YES;
				CLANG_WARN_BLOCK_CAPTURE_AUTORELEASING = YES;
				CLANG_WARN_BOOL_CONVERSION = YES;
				CLANG_WARN_COMMA = YES;
				CLANG_WARN_CONSTANT_CONVERSION = YES;
				CLANG_WARN_DIRECT_OBJC_ISA_USAGE = YES_ERROR;
				CLANG_WARN_DOCUMENTATION_COMMENTS = YES;
				CLANG_WARN_EMPTY_BODY = YES;
				CLANG_WARN_ENUM_CONVERSION = YES;
				CLANG_WARN_INFINITE_RECURSION = YES;
				CLANG_WARN_INT_CONVERSION = YES;
				CLANG_WARN_NON_LITERAL_NULL_CONVERSION = YES;
				CLANG_WARN_OBJC_LITERAL_CONVERSION = YES;
				CLANG_WARN_OBJC_ROOT_CLASS = YES_ERROR;
				CLANG_WARN_RANGE_LOOP_ANALYSIS = YES;
				CLANG_WARN_STRICT_PROTOTYPES = YES;
				CLANG_WARN_SUSPICIOUS_MOVE = YES;
				CLANG_WARN_UNGUARDED_AVAILABILITY = YES_AGGRESSIVE;
				CLANG_WARN_UNREACHABLE_CODE = YES;
				CLANG_WARN__DUPLICATE_METHOD_MATCH = YES;
				CODE_SIGN_IDENTITY = "iPhone Developer";
				COPY_PHASE_STRIP = NO;
				DEBUG_INFORMATION_FORMAT = dwarf;
				ENABLE_STRICT_OBJC_MSGSEND = YES;
				ENABLE_TESTABILITY = YES;
				GCC_C_LANGUAGE_STANDARD = gnu11;
				GCC_DYNAMIC_NO_PIC = NO;
				GCC_NO_COMMON_BLOCKS = YES;
				GCC_OPTIMIZATION_LEVEL = 0;
				GCC_PREPROCESSOR_DEFINITIONS = (
					"DEBUG=1",
					"$(inherited)",
				);
				GCC_WARN_64_TO_32_BIT_CONVERSION = YES;
				GCC_WARN_ABOUT_RETURN_TYPE = YES_ERROR;
				GCC_WARN_UNDECLARED_SELECTOR = YES;
				GCC_WARN_UNINITIALIZED_AUTOS = YES_AGGRESSIVE;
				GCC_WARN_UNUSED_FUNCTION = YES;
				GCC_WARN_UNUSED_VARIABLE = YES;
				IPHONEOS_DEPLOYMENT_TARGET = 11.2;
				MTL_ENABLE_DEBUG_INFO = YES;
				ONLY_ACTIVE_ARCH = YES;
				SDKROOT = iphoneos;
				SWIFT_ACTIVE_COMPILATION_CONDITIONS = DEBUG;
				SWIFT_OPTIMIZATION_LEVEL = "-Onone";
			};
			name = Debug;
		};
		A0FDD3DB200843BA001CA211 /* Release */ = {
			isa = XCBuildConfiguration;
			buildSettings = {
				ALWAYS_SEARCH_USER_PATHS = NO;
				CLANG_ANALYZER_NONNULL = YES;
				CLANG_ANALYZER_NUMBER_OBJECT_CONVERSION = YES_AGGRESSIVE;
				CLANG_CXX_LANGUAGE_STANDARD = "gnu++14";
				CLANG_CXX_LIBRARY = "libc++";
				CLANG_ENABLE_MODULES = YES;
				CLANG_ENABLE_OBJC_ARC = YES;
				CLANG_WARN_BLOCK_CAPTURE_AUTORELEASING = YES;
				CLANG_WARN_BOOL_CONVERSION = YES;
				CLANG_WARN_COMMA = YES;
				CLANG_WARN_CONSTANT_CONVERSION = YES;
				CLANG_WARN_DIRECT_OBJC_ISA_USAGE = YES_ERROR;
				CLANG_WARN_DOCUMENTATION_COMMENTS = YES;
				CLANG_WARN_EMPTY_BODY = YES;
				CLANG_WARN_ENUM_CONVERSION = YES;
				CLANG_WARN_INFINITE_RECURSION = YES;
				CLANG_WARN_INT_CONVERSION = YES;
				CLANG_WARN_NON_LITERAL_NULL_CONVERSION = YES;
				CLANG_WARN_OBJC_LITERAL_CONVERSION = YES;
				CLANG_WARN_OBJC_ROOT_CLASS = YES_ERROR;
				CLANG_WARN_RANGE_LOOP_ANALYSIS = YES;
				CLANG_WARN_STRICT_PROTOTYPES = YES;
				CLANG_WARN_SUSPICIOUS_MOVE = YES;
				CLANG_WARN_UNGUARDED_AVAILABILITY = YES_AGGRESSIVE;
				CLANG_WARN_UNREACHABLE_CODE = YES;
				CLANG_WARN__DUPLICATE_METHOD_MATCH = YES;
				CODE_SIGN_IDENTITY = "iPhone Developer";
				COPY_PHASE_STRIP = NO;
				DEBUG_INFORMATION_FORMAT = "dwarf-with-dsym";
				ENABLE_NS_ASSERTIONS = NO;
				ENABLE_STRICT_OBJC_MSGSEND = YES;
				GCC_C_LANGUAGE_STANDARD = gnu11;
				GCC_NO_COMMON_BLOCKS = YES;
				GCC_WARN_64_TO_32_BIT_CONVERSION = YES;
				GCC_WARN_ABOUT_RETURN_TYPE = YES_ERROR;
				GCC_WARN_UNDECLARED_SELECTOR = YES;
				GCC_WARN_UNINITIALIZED_AUTOS = YES_AGGRESSIVE;
				GCC_WARN_UNUSED_FUNCTION = YES;
				GCC_WARN_UNUSED_VARIABLE = YES;
				IPHONEOS_DEPLOYMENT_TARGET = 11.2;
				MTL_ENABLE_DEBUG_INFO = NO;
				SDKROOT = iphoneos;
				SWIFT_OPTIMIZATION_LEVEL = "-Owholemodule";
				VALIDATE_PRODUCT = YES;
			};
			name = Release;
		};
		A0FDD3DD200843BA001CA211 /* Debug */ = {
			isa = XCBuildConfiguration;
			buildSettings = {
				ASSETCATALOG_COMPILER_APPICON_NAME = AppIcon;
				CODE_SIGN_STYLE = Automatic;
				DEVELOPMENT_TEAM = VJRK64U3DP;
				INFOPLIST_FILE = game_prototype_2/Info.plist;
				LD_RUNPATH_SEARCH_PATHS = "$(inherited) @executable_path/Frameworks";
				PRODUCT_BUNDLE_IDENTIFIER = "tennyHacks.game-prototype-2";
				PRODUCT_NAME = "$(TARGET_NAME)";
				SWIFT_VERSION = 4.0;
				TARGETED_DEVICE_FAMILY = "1,2";
			};
			name = Debug;
		};
		A0FDD3DE200843BA001CA211 /* Release */ = {
			isa = XCBuildConfiguration;
			buildSettings = {
				ASSETCATALOG_COMPILER_APPICON_NAME = AppIcon;
				CODE_SIGN_STYLE = Automatic;
				DEVELOPMENT_TEAM = VJRK64U3DP;
				INFOPLIST_FILE = game_prototype_2/Info.plist;
				LD_RUNPATH_SEARCH_PATHS = "$(inherited) @executable_path/Frameworks";
				PRODUCT_BUNDLE_IDENTIFIER = "tennyHacks.game-prototype-2";
				PRODUCT_NAME = "$(TARGET_NAME)";
				SWIFT_VERSION = 4.0;
				TARGETED_DEVICE_FAMILY = "1,2";
			};
			name = Release;
		};
		A0FDD3E0200843BA001CA211 /* Debug */ = {
			isa = XCBuildConfiguration;
			buildSettings = {
				ALWAYS_EMBED_SWIFT_STANDARD_LIBRARIES = YES;
				BUNDLE_LOADER = "$(TEST_HOST)";
				CODE_SIGN_STYLE = Automatic;
				DEVELOPMENT_TEAM = VJRK64U3DP;
				INFOPLIST_FILE = game_prototype_2Tests/Info.plist;
				LD_RUNPATH_SEARCH_PATHS = "$(inherited) @executable_path/Frameworks @loader_path/Frameworks";
				PRODUCT_BUNDLE_IDENTIFIER = "tennyHacks.game-prototype-2Tests";
				PRODUCT_NAME = "$(TARGET_NAME)";
				SWIFT_VERSION = 4.0;
				TARGETED_DEVICE_FAMILY = "1,2";
				TEST_HOST = "$(BUILT_PRODUCTS_DIR)/game_prototype_2.app/game_prototype_2";
			};
			name = Debug;
		};
		A0FDD3E1200843BA001CA211 /* Release */ = {
			isa = XCBuildConfiguration;
			buildSettings = {
				ALWAYS_EMBED_SWIFT_STANDARD_LIBRARIES = YES;
				BUNDLE_LOADER = "$(TEST_HOST)";
				CODE_SIGN_STYLE = Automatic;
				DEVELOPMENT_TEAM = VJRK64U3DP;
				INFOPLIST_FILE = game_prototype_2Tests/Info.plist;
				LD_RUNPATH_SEARCH_PATHS = "$(inherited) @executable_path/Frameworks @loader_path/Frameworks";
				PRODUCT_BUNDLE_IDENTIFIER = "tennyHacks.game-prototype-2Tests";
				PRODUCT_NAME = "$(TARGET_NAME)";
				SWIFT_VERSION = 4.0;
				TARGETED_DEVICE_FAMILY = "1,2";
				TEST_HOST = "$(BUILT_PRODUCTS_DIR)/game_prototype_2.app/game_prototype_2";
			};
			name = Release;
		};
		A0FDD3E3200843BA001CA211 /* Debug */ = {
			isa = XCBuildConfiguration;
			buildSettings = {
				ALWAYS_EMBED_SWIFT_STANDARD_LIBRARIES = YES;
				CODE_SIGN_STYLE = Automatic;
				DEVELOPMENT_TEAM = VJRK64U3DP;
				INFOPLIST_FILE = game_prototype_2UITests/Info.plist;
				LD_RUNPATH_SEARCH_PATHS = "$(inherited) @executable_path/Frameworks @loader_path/Frameworks";
				PRODUCT_BUNDLE_IDENTIFIER = "tennyHacks.game-prototype-2UITests";
				PRODUCT_NAME = "$(TARGET_NAME)";
				SWIFT_VERSION = 4.0;
				TARGETED_DEVICE_FAMILY = "1,2";
				TEST_TARGET_NAME = game_prototype_2;
			};
			name = Debug;
		};
		A0FDD3E4200843BA001CA211 /* Release */ = {
			isa = XCBuildConfiguration;
			buildSettings = {
				ALWAYS_EMBED_SWIFT_STANDARD_LIBRARIES = YES;
				CODE_SIGN_STYLE = Automatic;
				DEVELOPMENT_TEAM = VJRK64U3DP;
				INFOPLIST_FILE = game_prototype_2UITests/Info.plist;
				LD_RUNPATH_SEARCH_PATHS = "$(inherited) @executable_path/Frameworks @loader_path/Frameworks";
				PRODUCT_BUNDLE_IDENTIFIER = "tennyHacks.game-prototype-2UITests";
				PRODUCT_NAME = "$(TARGET_NAME)";
				SWIFT_VERSION = 4.0;
				TARGETED_DEVICE_FAMILY = "1,2";
				TEST_TARGET_NAME = game_prototype_2;
			};
			name = Release;
		};
/* End XCBuildConfiguration section */

/* Begin XCConfigurationList section */
		A0FDD3AF200843BA001CA211 /* Build configuration list for PBXProject "game_prototype_2" */ = {
			isa = XCConfigurationList;
			buildConfigurations = (
				A0FDD3DA200843BA001CA211 /* Debug */,
				A0FDD3DB200843BA001CA211 /* Release */,
			);
			defaultConfigurationIsVisible = 0;
			defaultConfigurationName = Release;
		};
		A0FDD3DC200843BA001CA211 /* Build configuration list for PBXNativeTarget "game_prototype_2" */ = {
			isa = XCConfigurationList;
			buildConfigurations = (
				A0FDD3DD200843BA001CA211 /* Debug */,
				A0FDD3DE200843BA001CA211 /* Release */,
			);
			defaultConfigurationIsVisible = 0;
			defaultConfigurationName = Release;
		};
		A0FDD3DF200843BA001CA211 /* Build configuration list for PBXNativeTarget "game_prototype_2Tests" */ = {
			isa = XCConfigurationList;
			buildConfigurations = (
				A0FDD3E0200843BA001CA211 /* Debug */,
				A0FDD3E1200843BA001CA211 /* Release */,
			);
			defaultConfigurationIsVisible = 0;
			defaultConfigurationName = Release;
		};
		A0FDD3E2200843BA001CA211 /* Build configuration list for PBXNativeTarget "game_prototype_2UITests" */ = {
			isa = XCConfigurationList;
			buildConfigurations = (
				A0FDD3E3200843BA001CA211 /* Debug */,
				A0FDD3E4200843BA001CA211 /* Release */,
			);
			defaultConfigurationIsVisible = 0;
			defaultConfigurationName = Release;
		};
/* End XCConfigurationList section */
	};
	rootObject = A0FDD3AC200843BA001CA211 /* Project object */;
}
